// !$*UTF8*$!
{
	archiveVersion = 1;
	classes = {
	};
	objectVersion = 50;
	objects = {

/* Begin PBXBuildFile section */
		164319B33B703FC8947159DA /* Pods_EnterpriseProjectSampleUITests.framework in Frameworks */ = {isa = PBXBuildFile; fileRef = 26553A815EBF871C02DECC74 /* Pods_EnterpriseProjectSampleUITests.framework */; };
		BFE43C9A21F8824300507C86 /* AppDelegate.swift in Sources */ = {isa = PBXBuildFile; fileRef = BFE43C9921F8824300507C86 /* AppDelegate.swift */; };
		BFE43C9C21F8824300507C86 /* ViewController.swift in Sources */ = {isa = PBXBuildFile; fileRef = BFE43C9B21F8824300507C86 /* ViewController.swift */; };
		BFE43C9F21F8824300507C86 /* Main.storyboard in Resources */ = {isa = PBXBuildFile; fileRef = BFE43C9D21F8824300507C86 /* Main.storyboard */; };
		BFE43CA121F8824A00507C86 /* Assets.xcassets in Resources */ = {isa = PBXBuildFile; fileRef = BFE43CA021F8824A00507C86 /* Assets.xcassets */; };
		BFE43CA421F8824A00507C86 /* LaunchScreen.storyboard in Resources */ = {isa = PBXBuildFile; fileRef = BFE43CA221F8824A00507C86 /* LaunchScreen.storyboard */; };
		BFE43CAF21F8824B00507C86 /* EnterpriseProjectSampleTests.swift in Sources */ = {isa = PBXBuildFile; fileRef = BFE43CAE21F8824B00507C86 /* EnterpriseProjectSampleTests.swift */; };
		BFE43CBA21F8824B00507C86 /* EnterpriseProjectSampleUITests.swift in Sources */ = {isa = PBXBuildFile; fileRef = BFE43CB921F8824B00507C86 /* EnterpriseProjectSampleUITests.swift */; };
		BFE43D4021FADFAC00507C86 /* R.generated.swift in Sources */ = {isa = PBXBuildFile; fileRef = BFE43D3F21FADFAC00507C86 /* R.generated.swift */; };
		BFE43D4221FAE0D400507C86 /* DIKit.framework in Frameworks */ = {isa = PBXBuildFile; fileRef = BFE43D4121FAE0D300507C86 /* DIKit.framework */; };
		BFE43D4721FAE34A00507C86 /* AppResolver.generated.swift in Sources */ = {isa = PBXBuildFile; fileRef = BFE43D4621FAE34900507C86 /* AppResolver.generated.swift */; };
		D51FA12DC9FA3D4AA31793A0 /* Pods_EnterpriseProjectSampleTests.framework in Frameworks */ = {isa = PBXBuildFile; fileRef = 831014B8C382CC2D3C14B80B /* Pods_EnterpriseProjectSampleTests.framework */; };
		E1F4F983EBA74564C337A8C1 /* Pods_EnterpriseProjectSample.framework in Frameworks */ = {isa = PBXBuildFile; fileRef = 7D55908E5474A613A05B2079 /* Pods_EnterpriseProjectSample.framework */; };
/* End PBXBuildFile section */

/* Begin PBXContainerItemProxy section */
		BFE43CAB21F8824B00507C86 /* PBXContainerItemProxy */ = {
			isa = PBXContainerItemProxy;
			containerPortal = BFE43C8E21F8824300507C86 /* Project object */;
			proxyType = 1;
			remoteGlobalIDString = BFE43C9521F8824300507C86;
			remoteInfo = EnterpriseProjectSample;
		};
		BFE43CB621F8824B00507C86 /* PBXContainerItemProxy */ = {
			isa = PBXContainerItemProxy;
			containerPortal = BFE43C8E21F8824300507C86 /* Project object */;
			proxyType = 1;
			remoteGlobalIDString = BFE43C9521F8824300507C86;
			remoteInfo = EnterpriseProjectSample;
		};
/* End PBXContainerItemProxy section */

/* Begin PBXFileReference section */
		08E5A5C2B871984DDA9ABFD6 /* Pods-EnterpriseProjectSampleUITests.release-development.xcconfig */ = {isa = PBXFileReference; includeInIndex = 1; lastKnownFileType = text.xcconfig; name = "Pods-EnterpriseProjectSampleUITests.release-development.xcconfig"; path = "Pods/Target Support Files/Pods-EnterpriseProjectSampleUITests/Pods-EnterpriseProjectSampleUITests.release-development.xcconfig"; sourceTree = "<group>"; };
		26553A815EBF871C02DECC74 /* Pods_EnterpriseProjectSampleUITests.framework */ = {isa = PBXFileReference; explicitFileType = wrapper.framework; includeInIndex = 0; path = Pods_EnterpriseProjectSampleUITests.framework; sourceTree = BUILT_PRODUCTS_DIR; };
		2C3B3EBC61AFB5B6F50E09ED /* Pods-EnterpriseProjectSampleTests.release-production.xcconfig */ = {isa = PBXFileReference; includeInIndex = 1; lastKnownFileType = text.xcconfig; name = "Pods-EnterpriseProjectSampleTests.release-production.xcconfig"; path = "Pods/Target Support Files/Pods-EnterpriseProjectSampleTests/Pods-EnterpriseProjectSampleTests.release-production.xcconfig"; sourceTree = "<group>"; };
		4B9DEE452DE34FA40E7278D3 /* Pods-EnterpriseProjectSample.debug-development.xcconfig */ = {isa = PBXFileReference; includeInIndex = 1; lastKnownFileType = text.xcconfig; name = "Pods-EnterpriseProjectSample.debug-development.xcconfig"; path = "Pods/Target Support Files/Pods-EnterpriseProjectSample/Pods-EnterpriseProjectSample.debug-development.xcconfig"; sourceTree = "<group>"; };
		4BF0428139AAD38B9C4665BF /* Pods-EnterpriseProjectSampleTests.release-staging.xcconfig */ = {isa = PBXFileReference; includeInIndex = 1; lastKnownFileType = text.xcconfig; name = "Pods-EnterpriseProjectSampleTests.release-staging.xcconfig"; path = "Pods/Target Support Files/Pods-EnterpriseProjectSampleTests/Pods-EnterpriseProjectSampleTests.release-staging.xcconfig"; sourceTree = "<group>"; };
		55802607BF86305DA2CF50B8 /* Pods-EnterpriseProjectSampleTests.debug-staging.xcconfig */ = {isa = PBXFileReference; includeInIndex = 1; lastKnownFileType = text.xcconfig; name = "Pods-EnterpriseProjectSampleTests.debug-staging.xcconfig"; path = "Pods/Target Support Files/Pods-EnterpriseProjectSampleTests/Pods-EnterpriseProjectSampleTests.debug-staging.xcconfig"; sourceTree = "<group>"; };
		693C596E00861850FBFD2078 /* Pods-EnterpriseProjectSampleUITests.debug-staging.xcconfig */ = {isa = PBXFileReference; includeInIndex = 1; lastKnownFileType = text.xcconfig; name = "Pods-EnterpriseProjectSampleUITests.debug-staging.xcconfig"; path = "Pods/Target Support Files/Pods-EnterpriseProjectSampleUITests/Pods-EnterpriseProjectSampleUITests.debug-staging.xcconfig"; sourceTree = "<group>"; };
		72124ED434BAAED8440EC232 /* Pods-EnterpriseProjectSampleTests.debug-production.xcconfig */ = {isa = PBXFileReference; includeInIndex = 1; lastKnownFileType = text.xcconfig; name = "Pods-EnterpriseProjectSampleTests.debug-production.xcconfig"; path = "Pods/Target Support Files/Pods-EnterpriseProjectSampleTests/Pods-EnterpriseProjectSampleTests.debug-production.xcconfig"; sourceTree = "<group>"; };
		7D55908E5474A613A05B2079 /* Pods_EnterpriseProjectSample.framework */ = {isa = PBXFileReference; explicitFileType = wrapper.framework; includeInIndex = 0; path = Pods_EnterpriseProjectSample.framework; sourceTree = BUILT_PRODUCTS_DIR; };
		831014B8C382CC2D3C14B80B /* Pods_EnterpriseProjectSampleTests.framework */ = {isa = PBXFileReference; explicitFileType = wrapper.framework; includeInIndex = 0; path = Pods_EnterpriseProjectSampleTests.framework; sourceTree = BUILT_PRODUCTS_DIR; };
		9A7D0F02A7801049FB4E6310 /* Pods-EnterpriseProjectSample.release-development.xcconfig */ = {isa = PBXFileReference; includeInIndex = 1; lastKnownFileType = text.xcconfig; name = "Pods-EnterpriseProjectSample.release-development.xcconfig"; path = "Pods/Target Support Files/Pods-EnterpriseProjectSample/Pods-EnterpriseProjectSample.release-development.xcconfig"; sourceTree = "<group>"; };
		9CF49F0CE9F9269D1EAEA46B /* Pods-EnterpriseProjectSample.release-production.xcconfig */ = {isa = PBXFileReference; includeInIndex = 1; lastKnownFileType = text.xcconfig; name = "Pods-EnterpriseProjectSample.release-production.xcconfig"; path = "Pods/Target Support Files/Pods-EnterpriseProjectSample/Pods-EnterpriseProjectSample.release-production.xcconfig"; sourceTree = "<group>"; };
		B6436B51622855BD82B14BC7 /* Pods-EnterpriseProjectSampleUITests.release-staging.xcconfig */ = {isa = PBXFileReference; includeInIndex = 1; lastKnownFileType = text.xcconfig; name = "Pods-EnterpriseProjectSampleUITests.release-staging.xcconfig"; path = "Pods/Target Support Files/Pods-EnterpriseProjectSampleUITests/Pods-EnterpriseProjectSampleUITests.release-staging.xcconfig"; sourceTree = "<group>"; };
		BFE43C9621F8824300507C86 /* EnterpriseProjectSample.app */ = {isa = PBXFileReference; explicitFileType = wrapper.application; includeInIndex = 0; path = EnterpriseProjectSample.app; sourceTree = BUILT_PRODUCTS_DIR; };
		BFE43C9921F8824300507C86 /* AppDelegate.swift */ = {isa = PBXFileReference; lastKnownFileType = sourcecode.swift; path = AppDelegate.swift; sourceTree = "<group>"; };
		BFE43C9B21F8824300507C86 /* ViewController.swift */ = {isa = PBXFileReference; lastKnownFileType = sourcecode.swift; path = ViewController.swift; sourceTree = "<group>"; };
		BFE43C9E21F8824300507C86 /* Base */ = {isa = PBXFileReference; lastKnownFileType = file.storyboard; name = Base; path = Base.lproj/Main.storyboard; sourceTree = "<group>"; };
		BFE43CA021F8824A00507C86 /* Assets.xcassets */ = {isa = PBXFileReference; lastKnownFileType = folder.assetcatalog; path = Assets.xcassets; sourceTree = "<group>"; };
		BFE43CA321F8824A00507C86 /* Base */ = {isa = PBXFileReference; lastKnownFileType = file.storyboard; name = Base; path = Base.lproj/LaunchScreen.storyboard; sourceTree = "<group>"; };
		BFE43CA521F8824A00507C86 /* Info.plist */ = {isa = PBXFileReference; lastKnownFileType = text.plist.xml; path = Info.plist; sourceTree = "<group>"; };
		BFE43CAA21F8824B00507C86 /* EnterpriseProjectSampleTests.xctest */ = {isa = PBXFileReference; explicitFileType = wrapper.cfbundle; includeInIndex = 0; path = EnterpriseProjectSampleTests.xctest; sourceTree = BUILT_PRODUCTS_DIR; };
		BFE43CAE21F8824B00507C86 /* EnterpriseProjectSampleTests.swift */ = {isa = PBXFileReference; lastKnownFileType = sourcecode.swift; path = EnterpriseProjectSampleTests.swift; sourceTree = "<group>"; };
		BFE43CB021F8824B00507C86 /* Info.plist */ = {isa = PBXFileReference; lastKnownFileType = text.plist.xml; path = Info.plist; sourceTree = "<group>"; };
		BFE43CB521F8824B00507C86 /* EnterpriseProjectSampleUITests.xctest */ = {isa = PBXFileReference; explicitFileType = wrapper.cfbundle; includeInIndex = 0; path = EnterpriseProjectSampleUITests.xctest; sourceTree = BUILT_PRODUCTS_DIR; };
		BFE43CB921F8824B00507C86 /* EnterpriseProjectSampleUITests.swift */ = {isa = PBXFileReference; lastKnownFileType = sourcecode.swift; path = EnterpriseProjectSampleUITests.swift; sourceTree = "<group>"; };
		BFE43CBB21F8824B00507C86 /* Info.plist */ = {isa = PBXFileReference; lastKnownFileType = text.plist.xml; path = Info.plist; sourceTree = "<group>"; };
		BFE43D3F21FADFAC00507C86 /* R.generated.swift */ = {isa = PBXFileReference; fileEncoding = 4; lastKnownFileType = sourcecode.swift; path = R.generated.swift; sourceTree = "<group>"; };
		BFE43D4121FAE0D300507C86 /* DIKit.framework */ = {isa = PBXFileReference; lastKnownFileType = wrapper.framework; name = DIKit.framework; path = Carthage/Build/iOS/DIKit.framework; sourceTree = "<group>"; };
		BFE43D4621FAE34900507C86 /* AppResolver.generated.swift */ = {isa = PBXFileReference; fileEncoding = 4; lastKnownFileType = sourcecode.swift; path = AppResolver.generated.swift; sourceTree = "<group>"; };
		C3828DCEB4EDF543CD65CD21 /* Pods-EnterpriseProjectSampleUITests.release-production.xcconfig */ = {isa = PBXFileReference; includeInIndex = 1; lastKnownFileType = text.xcconfig; name = "Pods-EnterpriseProjectSampleUITests.release-production.xcconfig"; path = "Pods/Target Support Files/Pods-EnterpriseProjectSampleUITests/Pods-EnterpriseProjectSampleUITests.release-production.xcconfig"; sourceTree = "<group>"; };
		DCE0B499A1F5CEDA267F1CEA /* Pods-EnterpriseProjectSample.release-staging.xcconfig */ = {isa = PBXFileReference; includeInIndex = 1; lastKnownFileType = text.xcconfig; name = "Pods-EnterpriseProjectSample.release-staging.xcconfig"; path = "Pods/Target Support Files/Pods-EnterpriseProjectSample/Pods-EnterpriseProjectSample.release-staging.xcconfig"; sourceTree = "<group>"; };
		E8F0B649B5132CFAD03C7EAE /* Pods-EnterpriseProjectSample.debug-staging.xcconfig */ = {isa = PBXFileReference; includeInIndex = 1; lastKnownFileType = text.xcconfig; name = "Pods-EnterpriseProjectSample.debug-staging.xcconfig"; path = "Pods/Target Support Files/Pods-EnterpriseProjectSample/Pods-EnterpriseProjectSample.debug-staging.xcconfig"; sourceTree = "<group>"; };
		F317029DE96B88585367C95E /* Pods-EnterpriseProjectSample.debug-production.xcconfig */ = {isa = PBXFileReference; includeInIndex = 1; lastKnownFileType = text.xcconfig; name = "Pods-EnterpriseProjectSample.debug-production.xcconfig"; path = "Pods/Target Support Files/Pods-EnterpriseProjectSample/Pods-EnterpriseProjectSample.debug-production.xcconfig"; sourceTree = "<group>"; };
		F785D55CF7F108B3F7B88B77 /* Pods-EnterpriseProjectSampleTests.debug-development.xcconfig */ = {isa = PBXFileReference; includeInIndex = 1; lastKnownFileType = text.xcconfig; name = "Pods-EnterpriseProjectSampleTests.debug-development.xcconfig"; path = "Pods/Target Support Files/Pods-EnterpriseProjectSampleTests/Pods-EnterpriseProjectSampleTests.debug-development.xcconfig"; sourceTree = "<group>"; };
		F8F29084ADB693EB87C18979 /* Pods-EnterpriseProjectSampleUITests.debug-development.xcconfig */ = {isa = PBXFileReference; includeInIndex = 1; lastKnownFileType = text.xcconfig; name = "Pods-EnterpriseProjectSampleUITests.debug-development.xcconfig"; path = "Pods/Target Support Files/Pods-EnterpriseProjectSampleUITests/Pods-EnterpriseProjectSampleUITests.debug-development.xcconfig"; sourceTree = "<group>"; };
		F96773C18E9E91B869916787 /* Pods-EnterpriseProjectSampleTests.release-development.xcconfig */ = {isa = PBXFileReference; includeInIndex = 1; lastKnownFileType = text.xcconfig; name = "Pods-EnterpriseProjectSampleTests.release-development.xcconfig"; path = "Pods/Target Support Files/Pods-EnterpriseProjectSampleTests/Pods-EnterpriseProjectSampleTests.release-development.xcconfig"; sourceTree = "<group>"; };
		FDD21EB14977B8356CC96315 /* Pods-EnterpriseProjectSampleUITests.debug-production.xcconfig */ = {isa = PBXFileReference; includeInIndex = 1; lastKnownFileType = text.xcconfig; name = "Pods-EnterpriseProjectSampleUITests.debug-production.xcconfig"; path = "Pods/Target Support Files/Pods-EnterpriseProjectSampleUITests/Pods-EnterpriseProjectSampleUITests.debug-production.xcconfig"; sourceTree = "<group>"; };
/* End PBXFileReference section */

/* Begin PBXFrameworksBuildPhase section */
		BFE43C9321F8824300507C86 /* Frameworks */ = {
			isa = PBXFrameworksBuildPhase;
			buildActionMask = 2147483647;
			files = (
				BFE43D4221FAE0D400507C86 /* DIKit.framework in Frameworks */,
				E1F4F983EBA74564C337A8C1 /* Pods_EnterpriseProjectSample.framework in Frameworks */,
			);
			runOnlyForDeploymentPostprocessing = 0;
		};
		BFE43CA721F8824B00507C86 /* Frameworks */ = {
			isa = PBXFrameworksBuildPhase;
			buildActionMask = 2147483647;
			files = (
				D51FA12DC9FA3D4AA31793A0 /* Pods_EnterpriseProjectSampleTests.framework in Frameworks */,
			);
			runOnlyForDeploymentPostprocessing = 0;
		};
		BFE43CB221F8824B00507C86 /* Frameworks */ = {
			isa = PBXFrameworksBuildPhase;
			buildActionMask = 2147483647;
			files = (
				164319B33B703FC8947159DA /* Pods_EnterpriseProjectSampleUITests.framework in Frameworks */,
			);
			runOnlyForDeploymentPostprocessing = 0;
		};
/* End PBXFrameworksBuildPhase section */

/* Begin PBXGroup section */
		0C42A7D7CDD219F79C3E8377 /* Frameworks */ = {
			isa = PBXGroup;
			children = (
				BFE43D4121FAE0D300507C86 /* DIKit.framework */,
				7D55908E5474A613A05B2079 /* Pods_EnterpriseProjectSample.framework */,
				831014B8C382CC2D3C14B80B /* Pods_EnterpriseProjectSampleTests.framework */,
				26553A815EBF871C02DECC74 /* Pods_EnterpriseProjectSampleUITests.framework */,
			);
			name = Frameworks;
			sourceTree = "<group>";
		};
		597D3C354207D52DA8EA4FD4 /* Pods */ = {
			isa = PBXGroup;
			children = (
				4B9DEE452DE34FA40E7278D3 /* Pods-EnterpriseProjectSample.debug-development.xcconfig */,
				E8F0B649B5132CFAD03C7EAE /* Pods-EnterpriseProjectSample.debug-staging.xcconfig */,
				F317029DE96B88585367C95E /* Pods-EnterpriseProjectSample.debug-production.xcconfig */,
				9A7D0F02A7801049FB4E6310 /* Pods-EnterpriseProjectSample.release-development.xcconfig */,
				DCE0B499A1F5CEDA267F1CEA /* Pods-EnterpriseProjectSample.release-staging.xcconfig */,
				9CF49F0CE9F9269D1EAEA46B /* Pods-EnterpriseProjectSample.release-production.xcconfig */,
				F785D55CF7F108B3F7B88B77 /* Pods-EnterpriseProjectSampleTests.debug-development.xcconfig */,
				55802607BF86305DA2CF50B8 /* Pods-EnterpriseProjectSampleTests.debug-staging.xcconfig */,
				72124ED434BAAED8440EC232 /* Pods-EnterpriseProjectSampleTests.debug-production.xcconfig */,
				F96773C18E9E91B869916787 /* Pods-EnterpriseProjectSampleTests.release-development.xcconfig */,
				4BF0428139AAD38B9C4665BF /* Pods-EnterpriseProjectSampleTests.release-staging.xcconfig */,
				2C3B3EBC61AFB5B6F50E09ED /* Pods-EnterpriseProjectSampleTests.release-production.xcconfig */,
				F8F29084ADB693EB87C18979 /* Pods-EnterpriseProjectSampleUITests.debug-development.xcconfig */,
				693C596E00861850FBFD2078 /* Pods-EnterpriseProjectSampleUITests.debug-staging.xcconfig */,
				FDD21EB14977B8356CC96315 /* Pods-EnterpriseProjectSampleUITests.debug-production.xcconfig */,
				08E5A5C2B871984DDA9ABFD6 /* Pods-EnterpriseProjectSampleUITests.release-development.xcconfig */,
				B6436B51622855BD82B14BC7 /* Pods-EnterpriseProjectSampleUITests.release-staging.xcconfig */,
				C3828DCEB4EDF543CD65CD21 /* Pods-EnterpriseProjectSampleUITests.release-production.xcconfig */,
			);
			name = Pods;
			sourceTree = "<group>";
		};
		BFE43C8D21F8824300507C86 = {
			isa = PBXGroup;
			children = (
				BFE43C9821F8824300507C86 /* EnterpriseProjectSample */,
				BFE43CAD21F8824B00507C86 /* EnterpriseProjectSampleTests */,
				BFE43CB821F8824B00507C86 /* EnterpriseProjectSampleUITests */,
				BFE43C9721F8824300507C86 /* Products */,
				597D3C354207D52DA8EA4FD4 /* Pods */,
				0C42A7D7CDD219F79C3E8377 /* Frameworks */,
			);
			sourceTree = "<group>";
		};
		BFE43C9721F8824300507C86 /* Products */ = {
			isa = PBXGroup;
			children = (
				BFE43C9621F8824300507C86 /* EnterpriseProjectSample.app */,
				BFE43CAA21F8824B00507C86 /* EnterpriseProjectSampleTests.xctest */,
				BFE43CB521F8824B00507C86 /* EnterpriseProjectSampleUITests.xctest */,
			);
			name = Products;
			sourceTree = "<group>";
		};
		BFE43C9821F8824300507C86 /* EnterpriseProjectSample */ = {
			isa = PBXGroup;
			children = (
				BFE43D3F21FADFAC00507C86 /* R.generated.swift */,
				BFE43D4621FAE34900507C86 /* AppResolver.generated.swift */,
				BFE43C9921F8824300507C86 /* AppDelegate.swift */,
				BFE43C9B21F8824300507C86 /* ViewController.swift */,
				BFE43C9D21F8824300507C86 /* Main.storyboard */,
				BFE43CA021F8824A00507C86 /* Assets.xcassets */,
				BFE43CA221F8824A00507C86 /* LaunchScreen.storyboard */,
				BFE43CA521F8824A00507C86 /* Info.plist */,
			);
			path = EnterpriseProjectSample;
			sourceTree = "<group>";
		};
		BFE43CAD21F8824B00507C86 /* EnterpriseProjectSampleTests */ = {
			isa = PBXGroup;
			children = (
				BFE43CAE21F8824B00507C86 /* EnterpriseProjectSampleTests.swift */,
				BFE43CB021F8824B00507C86 /* Info.plist */,
			);
			path = EnterpriseProjectSampleTests;
			sourceTree = "<group>";
		};
		BFE43CB821F8824B00507C86 /* EnterpriseProjectSampleUITests */ = {
			isa = PBXGroup;
			children = (
				BFE43CB921F8824B00507C86 /* EnterpriseProjectSampleUITests.swift */,
				BFE43CBB21F8824B00507C86 /* Info.plist */,
			);
			path = EnterpriseProjectSampleUITests;
			sourceTree = "<group>";
		};
/* End PBXGroup section */

/* Begin PBXNativeTarget section */
		BFE43C9521F8824300507C86 /* EnterpriseProjectSample */ = {
			isa = PBXNativeTarget;
			buildConfigurationList = BFE43CBE21F8824B00507C86 /* Build configuration list for PBXNativeTarget "EnterpriseProjectSample" */;
			buildPhases = (
				D6C9E36DD190A467E84F103F /* [CP] Check Pods Manifest.lock */,
				BFE43D4821FAE4BE00507C86 /* Run Swiftlint */,
				BFE43D3E21FADE8600507C86 /* Run R.swift */,
				BFE43D4521FAE2BE00507C86 /* Run DIKitGen */,
				BFE43C9221F8824300507C86 /* Sources */,
				BFE43C9321F8824300507C86 /* Frameworks */,
				BFE43C9421F8824300507C86 /* Resources */,
				BFE43D4321FAE0FE00507C86 /* Copy Frameworks via Carthage */,
				289E740280BF81CC1524E646 /* [CP] Embed Pods Frameworks */,
			);
			buildRules = (
			);
			dependencies = (
			);
			name = EnterpriseProjectSample;
			productName = EnterpriseProjectSample;
			productReference = BFE43C9621F8824300507C86 /* EnterpriseProjectSample.app */;
			productType = "com.apple.product-type.application";
		};
		BFE43CA921F8824B00507C86 /* EnterpriseProjectSampleTests */ = {
			isa = PBXNativeTarget;
			buildConfigurationList = BFE43CC121F8824B00507C86 /* Build configuration list for PBXNativeTarget "EnterpriseProjectSampleTests" */;
			buildPhases = (
				4615C041473805CAEF6EB5AB /* [CP] Check Pods Manifest.lock */,
				BFE43CA621F8824B00507C86 /* Sources */,
				BFE43CA721F8824B00507C86 /* Frameworks */,
				BFE43CA821F8824B00507C86 /* Resources */,
			);
			buildRules = (
			);
			dependencies = (
				BFE43CAC21F8824B00507C86 /* PBXTargetDependency */,
			);
			name = EnterpriseProjectSampleTests;
			productName = EnterpriseProjectSampleTests;
			productReference = BFE43CAA21F8824B00507C86 /* EnterpriseProjectSampleTests.xctest */;
			productType = "com.apple.product-type.bundle.unit-test";
		};
		BFE43CB421F8824B00507C86 /* EnterpriseProjectSampleUITests */ = {
			isa = PBXNativeTarget;
			buildConfigurationList = BFE43CC421F8824B00507C86 /* Build configuration list for PBXNativeTarget "EnterpriseProjectSampleUITests" */;
			buildPhases = (
				273DAF1993C9BB50AF28463C /* [CP] Check Pods Manifest.lock */,
				BFE43CB121F8824B00507C86 /* Sources */,
				BFE43CB221F8824B00507C86 /* Frameworks */,
				BFE43CB321F8824B00507C86 /* Resources */,
			);
			buildRules = (
			);
			dependencies = (
				BFE43CB721F8824B00507C86 /* PBXTargetDependency */,
			);
			name = EnterpriseProjectSampleUITests;
			productName = EnterpriseProjectSampleUITests;
			productReference = BFE43CB521F8824B00507C86 /* EnterpriseProjectSampleUITests.xctest */;
			productType = "com.apple.product-type.bundle.ui-testing";
		};
/* End PBXNativeTarget section */

/* Begin PBXProject section */
		BFE43C8E21F8824300507C86 /* Project object */ = {
			isa = PBXProject;
			attributes = {
				LastSwiftUpdateCheck = 1010;
				LastUpgradeCheck = 1010;
				ORGANIZATIONNAME = Crazism;
				TargetAttributes = {
					BFE43C9521F8824300507C86 = {
						CreatedOnToolsVersion = 10.1;
					};
					BFE43CA921F8824B00507C86 = {
						CreatedOnToolsVersion = 10.1;
						TestTargetID = BFE43C9521F8824300507C86;
					};
					BFE43CB421F8824B00507C86 = {
						CreatedOnToolsVersion = 10.1;
						TestTargetID = BFE43C9521F8824300507C86;
					};
				};
			};
			buildConfigurationList = BFE43C9121F8824300507C86 /* Build configuration list for PBXProject "EnterpriseProjectSample" */;
			compatibilityVersion = "Xcode 9.3";
			developmentRegion = en;
			hasScannedForEncodings = 0;
			knownRegions = (
				en,
				Base,
			);
			mainGroup = BFE43C8D21F8824300507C86;
			productRefGroup = BFE43C9721F8824300507C86 /* Products */;
			projectDirPath = "";
			projectRoot = "";
			targets = (
				BFE43C9521F8824300507C86 /* EnterpriseProjectSample */,
				BFE43CA921F8824B00507C86 /* EnterpriseProjectSampleTests */,
				BFE43CB421F8824B00507C86 /* EnterpriseProjectSampleUITests */,
			);
		};
/* End PBXProject section */

/* Begin PBXResourcesBuildPhase section */
		BFE43C9421F8824300507C86 /* Resources */ = {
			isa = PBXResourcesBuildPhase;
			buildActionMask = 2147483647;
			files = (
				BFE43CA421F8824A00507C86 /* LaunchScreen.storyboard in Resources */,
				BFE43CA121F8824A00507C86 /* Assets.xcassets in Resources */,
				BFE43C9F21F8824300507C86 /* Main.storyboard in Resources */,
			);
			runOnlyForDeploymentPostprocessing = 0;
		};
		BFE43CA821F8824B00507C86 /* Resources */ = {
			isa = PBXResourcesBuildPhase;
			buildActionMask = 2147483647;
			files = (
			);
			runOnlyForDeploymentPostprocessing = 0;
		};
		BFE43CB321F8824B00507C86 /* Resources */ = {
			isa = PBXResourcesBuildPhase;
			buildActionMask = 2147483647;
			files = (
			);
			runOnlyForDeploymentPostprocessing = 0;
		};
/* End PBXResourcesBuildPhase section */

/* Begin PBXShellScriptBuildPhase section */
		273DAF1993C9BB50AF28463C /* [CP] Check Pods Manifest.lock */ = {
			isa = PBXShellScriptBuildPhase;
			buildActionMask = 2147483647;
			files = (
			);
			inputFileListPaths = (
			);
			inputPaths = (
				"${PODS_PODFILE_DIR_PATH}/Podfile.lock",
				"${PODS_ROOT}/Manifest.lock",
			);
			name = "[CP] Check Pods Manifest.lock";
			outputFileListPaths = (
			);
			outputPaths = (
				"$(DERIVED_FILE_DIR)/Pods-EnterpriseProjectSampleUITests-checkManifestLockResult.txt",
			);
			runOnlyForDeploymentPostprocessing = 0;
			shellPath = /bin/sh;
			shellScript = "diff \"${PODS_PODFILE_DIR_PATH}/Podfile.lock\" \"${PODS_ROOT}/Manifest.lock\" > /dev/null\nif [ $? != 0 ] ; then\n    # print error to STDERR\n    echo \"error: The sandbox is not in sync with the Podfile.lock. Run 'pod install' or update your CocoaPods installation.\" >&2\n    exit 1\nfi\n# This output is used by Xcode 'outputs' to avoid re-running this script phase.\necho \"SUCCESS\" > \"${SCRIPT_OUTPUT_FILE_0}\"\n";
			showEnvVarsInLog = 0;
		};
		289E740280BF81CC1524E646 /* [CP] Embed Pods Frameworks */ = {
			isa = PBXShellScriptBuildPhase;
			buildActionMask = 2147483647;
			files = (
			);
			inputFileListPaths = (
			);
			inputPaths = (
				"${SRCROOT}/Pods/Target Support Files/Pods-EnterpriseProjectSample/Pods-EnterpriseProjectSample-frameworks.sh",
				"${BUILT_PRODUCTS_DIR}/R.swift.Library/Rswift.framework",
			);
			name = "[CP] Embed Pods Frameworks";
			outputFileListPaths = (
			);
			outputPaths = (
				"${TARGET_BUILD_DIR}/${FRAMEWORKS_FOLDER_PATH}/Rswift.framework",
			);
			runOnlyForDeploymentPostprocessing = 0;
			shellPath = /bin/sh;
			shellScript = "\"${SRCROOT}/Pods/Target Support Files/Pods-EnterpriseProjectSample/Pods-EnterpriseProjectSample-frameworks.sh\"\n";
			showEnvVarsInLog = 0;
		};
		4615C041473805CAEF6EB5AB /* [CP] Check Pods Manifest.lock */ = {
			isa = PBXShellScriptBuildPhase;
			buildActionMask = 2147483647;
			files = (
			);
			inputFileListPaths = (
			);
			inputPaths = (
				"${PODS_PODFILE_DIR_PATH}/Podfile.lock",
				"${PODS_ROOT}/Manifest.lock",
			);
			name = "[CP] Check Pods Manifest.lock";
			outputFileListPaths = (
			);
			outputPaths = (
				"$(DERIVED_FILE_DIR)/Pods-EnterpriseProjectSampleTests-checkManifestLockResult.txt",
			);
			runOnlyForDeploymentPostprocessing = 0;
			shellPath = /bin/sh;
			shellScript = "diff \"${PODS_PODFILE_DIR_PATH}/Podfile.lock\" \"${PODS_ROOT}/Manifest.lock\" > /dev/null\nif [ $? != 0 ] ; then\n    # print error to STDERR\n    echo \"error: The sandbox is not in sync with the Podfile.lock. Run 'pod install' or update your CocoaPods installation.\" >&2\n    exit 1\nfi\n# This output is used by Xcode 'outputs' to avoid re-running this script phase.\necho \"SUCCESS\" > \"${SCRIPT_OUTPUT_FILE_0}\"\n";
			showEnvVarsInLog = 0;
		};
		D6C9E36DD190A467E84F103F /* [CP] Check Pods Manifest.lock */ = {
			isa = PBXShellScriptBuildPhase;
			buildActionMask = 2147483647;
			files = (
			);
			inputFileListPaths = (
			);
			inputPaths = (
				"${PODS_PODFILE_DIR_PATH}/Podfile.lock",
				"${PODS_ROOT}/Manifest.lock",
			);
			name = "[CP] Check Pods Manifest.lock";
			outputFileListPaths = (
			);
			outputPaths = (
				"$(DERIVED_FILE_DIR)/Pods-EnterpriseProjectSample-checkManifestLockResult.txt",
			);
			runOnlyForDeploymentPostprocessing = 0;
			shellPath = /bin/sh;
			shellScript = "diff \"${PODS_PODFILE_DIR_PATH}/Podfile.lock\" \"${PODS_ROOT}/Manifest.lock\" > /dev/null\nif [ $? != 0 ] ; then\n    # print error to STDERR\n    echo \"error: The sandbox is not in sync with the Podfile.lock. Run 'pod install' or update your CocoaPods installation.\" >&2\n    exit 1\nfi\n# This output is used by Xcode 'outputs' to avoid re-running this script phase.\necho \"SUCCESS\" > \"${SCRIPT_OUTPUT_FILE_0}\"\n";
			showEnvVarsInLog = 0;
		};
		BFE43D3E21FADE8600507C86 /* Run R.swift */ = {
			isa = PBXShellScriptBuildPhase;
			buildActionMask = 2147483647;
			files = (
			);
			inputFileListPaths = (
			);
			inputPaths = (
				"$TEMP_DIR/rswift-lastrun",
			);
			name = "Run R.swift";
			outputFileListPaths = (
			);
			outputPaths = (
				$SRCROOT/EnterpriseProjectSample/R.generated.swift,
			);
			runOnlyForDeploymentPostprocessing = 0;
			shellPath = /bin/sh;
			shellScript = "\"$PODS_ROOT/R.swift/rswift\" generate \"$SRCROOT/EnterpriseProjectSample/R.generated.swift\"\n";
		};
		BFE43D4321FAE0FE00507C86 /* Copy Frameworks via Carthage */ = {
			isa = PBXShellScriptBuildPhase;
			buildActionMask = 2147483647;
			files = (
			);
			inputFileListPaths = (
			);
			inputPaths = (
				"$(SRCROOT)/Carthage/Build/iOS/DIKit.framework",
			);
			name = "Copy Frameworks via Carthage";
			outputFileListPaths = (
			);
			outputPaths = (
			);
			runOnlyForDeploymentPostprocessing = 0;
			shellPath = /bin/sh;
			shellScript = "carthage copy-frameworks\n";
		};
		BFE43D4521FAE2BE00507C86 /* Run DIKitGen */ = {
			isa = PBXShellScriptBuildPhase;
			buildActionMask = 2147483647;
			files = (
			);
			inputFileListPaths = (
			);
			inputPaths = (
			);
			name = "Run DIKitGen";
			outputFileListPaths = (
			);
			outputPaths = (
				"${SRCROOT}/EnterpriseProjectSample/AppResolver.generated.swift",
			);
			runOnlyForDeploymentPostprocessing = 0;
			shellPath = /bin/sh;
			shellScript = "which dikitgen >/dev/null || mint install ishkawa/dikit \ndikitgen ${SRCROOT}/EnterpriseProjectSample > ${SRCROOT}/EnterpriseProjectSample/AppResolver.generated.swift\n";
		};
		BFE43D4821FAE4BE00507C86 /* Run Swiftlint */ = {
			isa = PBXShellScriptBuildPhase;
			buildActionMask = 2147483647;
			files = (
			);
			inputFileListPaths = (
			);
			inputPaths = (
			);
			name = "Run Swiftlint";
			outputFileListPaths = (
			);
			outputPaths = (
			);
			runOnlyForDeploymentPostprocessing = 0;
			shellPath = /bin/sh;
			shellScript = "which swiftlint >/dev/null || brew install swiftlint\nswiftlint\n";
		};
/* End PBXShellScriptBuildPhase section */

/* Begin PBXSourcesBuildPhase section */
		BFE43C9221F8824300507C86 /* Sources */ = {
			isa = PBXSourcesBuildPhase;
			buildActionMask = 2147483647;
			files = (
				BFE43C9C21F8824300507C86 /* ViewController.swift in Sources */,
				BFE43C9A21F8824300507C86 /* AppDelegate.swift in Sources */,
				BFE43D4721FAE34A00507C86 /* AppResolver.generated.swift in Sources */,
				BFE43D4021FADFAC00507C86 /* R.generated.swift in Sources */,
			);
			runOnlyForDeploymentPostprocessing = 0;
		};
		BFE43CA621F8824B00507C86 /* Sources */ = {
			isa = PBXSourcesBuildPhase;
			buildActionMask = 2147483647;
			files = (
				BFE43CAF21F8824B00507C86 /* EnterpriseProjectSampleTests.swift in Sources */,
			);
			runOnlyForDeploymentPostprocessing = 0;
		};
		BFE43CB121F8824B00507C86 /* Sources */ = {
			isa = PBXSourcesBuildPhase;
			buildActionMask = 2147483647;
			files = (
				BFE43CBA21F8824B00507C86 /* EnterpriseProjectSampleUITests.swift in Sources */,
			);
			runOnlyForDeploymentPostprocessing = 0;
		};
/* End PBXSourcesBuildPhase section */

/* Begin PBXTargetDependency section */
		BFE43CAC21F8824B00507C86 /* PBXTargetDependency */ = {
			isa = PBXTargetDependency;
			target = BFE43C9521F8824300507C86 /* EnterpriseProjectSample */;
			targetProxy = BFE43CAB21F8824B00507C86 /* PBXContainerItemProxy */;
		};
		BFE43CB721F8824B00507C86 /* PBXTargetDependency */ = {
			isa = PBXTargetDependency;
			target = BFE43C9521F8824300507C86 /* EnterpriseProjectSample */;
			targetProxy = BFE43CB621F8824B00507C86 /* PBXContainerItemProxy */;
		};
/* End PBXTargetDependency section */

/* Begin PBXVariantGroup section */
		BFE43C9D21F8824300507C86 /* Main.storyboard */ = {
			isa = PBXVariantGroup;
			children = (
				BFE43C9E21F8824300507C86 /* Base */,
			);
			name = Main.storyboard;
			sourceTree = "<group>";
		};
		BFE43CA221F8824A00507C86 /* LaunchScreen.storyboard */ = {
			isa = PBXVariantGroup;
			children = (
				BFE43CA321F8824A00507C86 /* Base */,
			);
			name = LaunchScreen.storyboard;
			sourceTree = "<group>";
		};
/* End PBXVariantGroup section */

/* Begin XCBuildConfiguration section */
		BFE43CBC21F8824B00507C86 /* Debug-Development */ = {
			isa = XCBuildConfiguration;
			buildSettings = {
				ALWAYS_SEARCH_USER_PATHS = NO;
				CLANG_ANALYZER_NONNULL = YES;
				CLANG_ANALYZER_NUMBER_OBJECT_CONVERSION = YES_AGGRESSIVE;
				CLANG_CXX_LANGUAGE_STANDARD = "gnu++14";
				CLANG_CXX_LIBRARY = "libc++";
				CLANG_ENABLE_MODULES = YES;
				CLANG_ENABLE_OBJC_ARC = YES;
				CLANG_ENABLE_OBJC_WEAK = YES;
				CLANG_WARN_BLOCK_CAPTURE_AUTORELEASING = YES;
				CLANG_WARN_BOOL_CONVERSION = YES;
				CLANG_WARN_COMMA = YES;
				CLANG_WARN_CONSTANT_CONVERSION = YES;
				CLANG_WARN_DEPRECATED_OBJC_IMPLEMENTATIONS = YES;
				CLANG_WARN_DIRECT_OBJC_ISA_USAGE = YES_ERROR;
				CLANG_WARN_DOCUMENTATION_COMMENTS = YES;
				CLANG_WARN_EMPTY_BODY = YES;
				CLANG_WARN_ENUM_CONVERSION = YES;
				CLANG_WARN_INFINITE_RECURSION = YES;
				CLANG_WARN_INT_CONVERSION = YES;
				CLANG_WARN_NON_LITERAL_NULL_CONVERSION = YES;
				CLANG_WARN_OBJC_IMPLICIT_RETAIN_SELF = YES;
				CLANG_WARN_OBJC_LITERAL_CONVERSION = YES;
				CLANG_WARN_OBJC_ROOT_CLASS = YES_ERROR;
				CLANG_WARN_RANGE_LOOP_ANALYSIS = YES;
				CLANG_WARN_STRICT_PROTOTYPES = YES;
				CLANG_WARN_SUSPICIOUS_MOVE = YES;
				CLANG_WARN_UNGUARDED_AVAILABILITY = YES_AGGRESSIVE;
				CLANG_WARN_UNREACHABLE_CODE = YES;
				CLANG_WARN__DUPLICATE_METHOD_MATCH = YES;
				CODE_SIGN_IDENTITY = "iPhone Developer";
				COPY_PHASE_STRIP = NO;
				DEBUG_INFORMATION_FORMAT = dwarf;
				ENABLE_STRICT_OBJC_MSGSEND = YES;
				ENABLE_TESTABILITY = YES;
				GCC_C_LANGUAGE_STANDARD = gnu11;
				GCC_DYNAMIC_NO_PIC = NO;
				GCC_NO_COMMON_BLOCKS = YES;
				GCC_OPTIMIZATION_LEVEL = 0;
				GCC_PREPROCESSOR_DEFINITIONS = (
					"DEBUG=1",
					"$(inherited)",
				);
				GCC_WARN_64_TO_32_BIT_CONVERSION = YES;
				GCC_WARN_ABOUT_RETURN_TYPE = YES_ERROR;
				GCC_WARN_UNDECLARED_SELECTOR = YES;
				GCC_WARN_UNINITIALIZED_AUTOS = YES_AGGRESSIVE;
				GCC_WARN_UNUSED_FUNCTION = YES;
				GCC_WARN_UNUSED_VARIABLE = YES;
				IPHONEOS_DEPLOYMENT_TARGET = 12.1;
				MTL_ENABLE_DEBUG_INFO = INCLUDE_SOURCE;
				MTL_FAST_MATH = YES;
				ONLY_ACTIVE_ARCH = YES;
				SDKROOT = iphoneos;
				SWIFT_ACTIVE_COMPILATION_CONDITIONS = "DEBUG DEVELOPMENT";
				SWIFT_OPTIMIZATION_LEVEL = "-Onone";
			};
			name = "Debug-Development";
		};
		BFE43CBD21F8824B00507C86 /* Release-Development */ = {
			isa = XCBuildConfiguration;
			buildSettings = {
				ALWAYS_SEARCH_USER_PATHS = NO;
				CLANG_ANALYZER_NONNULL = YES;
				CLANG_ANALYZER_NUMBER_OBJECT_CONVERSION = YES_AGGRESSIVE;
				CLANG_CXX_LANGUAGE_STANDARD = "gnu++14";
				CLANG_CXX_LIBRARY = "libc++";
				CLANG_ENABLE_MODULES = YES;
				CLANG_ENABLE_OBJC_ARC = YES;
				CLANG_ENABLE_OBJC_WEAK = YES;
				CLANG_WARN_BLOCK_CAPTURE_AUTORELEASING = YES;
				CLANG_WARN_BOOL_CONVERSION = YES;
				CLANG_WARN_COMMA = YES;
				CLANG_WARN_CONSTANT_CONVERSION = YES;
				CLANG_WARN_DEPRECATED_OBJC_IMPLEMENTATIONS = YES;
				CLANG_WARN_DIRECT_OBJC_ISA_USAGE = YES_ERROR;
				CLANG_WARN_DOCUMENTATION_COMMENTS = YES;
				CLANG_WARN_EMPTY_BODY = YES;
				CLANG_WARN_ENUM_CONVERSION = YES;
				CLANG_WARN_INFINITE_RECURSION = YES;
				CLANG_WARN_INT_CONVERSION = YES;
				CLANG_WARN_NON_LITERAL_NULL_CONVERSION = YES;
				CLANG_WARN_OBJC_IMPLICIT_RETAIN_SELF = YES;
				CLANG_WARN_OBJC_LITERAL_CONVERSION = YES;
				CLANG_WARN_OBJC_ROOT_CLASS = YES_ERROR;
				CLANG_WARN_RANGE_LOOP_ANALYSIS = YES;
				CLANG_WARN_STRICT_PROTOTYPES = YES;
				CLANG_WARN_SUSPICIOUS_MOVE = YES;
				CLANG_WARN_UNGUARDED_AVAILABILITY = YES_AGGRESSIVE;
				CLANG_WARN_UNREACHABLE_CODE = YES;
				CLANG_WARN__DUPLICATE_METHOD_MATCH = YES;
				CODE_SIGN_IDENTITY = "iPhone Developer";
				COPY_PHASE_STRIP = NO;
				DEBUG_INFORMATION_FORMAT = "dwarf-with-dsym";
				ENABLE_NS_ASSERTIONS = NO;
				ENABLE_STRICT_OBJC_MSGSEND = YES;
				GCC_C_LANGUAGE_STANDARD = gnu11;
				GCC_NO_COMMON_BLOCKS = YES;
				GCC_WARN_64_TO_32_BIT_CONVERSION = YES;
				GCC_WARN_ABOUT_RETURN_TYPE = YES_ERROR;
				GCC_WARN_UNDECLARED_SELECTOR = YES;
				GCC_WARN_UNINITIALIZED_AUTOS = YES_AGGRESSIVE;
				GCC_WARN_UNUSED_FUNCTION = YES;
				GCC_WARN_UNUSED_VARIABLE = YES;
				IPHONEOS_DEPLOYMENT_TARGET = 12.1;
				MTL_ENABLE_DEBUG_INFO = NO;
				MTL_FAST_MATH = YES;
				SDKROOT = iphoneos;
				SWIFT_ACTIVE_COMPILATION_CONDITIONS = DEVELOPMENT;
				SWIFT_COMPILATION_MODE = wholemodule;
				SWIFT_OPTIMIZATION_LEVEL = "-O";
				VALIDATE_PRODUCT = YES;
			};
			name = "Release-Development";
		};
		BFE43CBF21F8824B00507C86 /* Debug-Development */ = {
			isa = XCBuildConfiguration;
			baseConfigurationReference = 4B9DEE452DE34FA40E7278D3 /* Pods-EnterpriseProjectSample.debug-development.xcconfig */;
			buildSettings = {
				ASSETCATALOG_COMPILER_APPICON_NAME = AppIcon;
				CODE_SIGN_STYLE = Automatic;
				DEVELOPMENT_TEAM = KC8N9BMQJY;
				FRAMEWORK_SEARCH_PATHS = (
					"$(inherited)",
					"$(PROJECT_DIR)/Carthage/Build/iOS",
				);
				INFOPLIST_FILE = EnterpriseProjectSample/Info.plist;
				LD_RUNPATH_SEARCH_PATHS = (
					"$(inherited)",
					"@executable_path/Frameworks",
				);
				PRODUCT_BUNDLE_IDENTIFIER = net.crazism.EnterpriseProjectSample;
				PRODUCT_NAME = "$(TARGET_NAME)";
				SWIFT_VERSION = 4.2;
				TARGETED_DEVICE_FAMILY = "1,2";
			};
			name = "Debug-Development";
		};
		BFE43CC021F8824B00507C86 /* Release-Development */ = {
			isa = XCBuildConfiguration;
			baseConfigurationReference = 9A7D0F02A7801049FB4E6310 /* Pods-EnterpriseProjectSample.release-development.xcconfig */;
			buildSettings = {
				ASSETCATALOG_COMPILER_APPICON_NAME = AppIcon;
				CODE_SIGN_STYLE = Automatic;
				DEVELOPMENT_TEAM = KC8N9BMQJY;
				FRAMEWORK_SEARCH_PATHS = (
					"$(inherited)",
					"$(PROJECT_DIR)/Carthage/Build/iOS",
				);
				INFOPLIST_FILE = EnterpriseProjectSample/Info.plist;
				LD_RUNPATH_SEARCH_PATHS = (
					"$(inherited)",
					"@executable_path/Frameworks",
				);
				PRODUCT_BUNDLE_IDENTIFIER = net.crazism.EnterpriseProjectSample;
				PRODUCT_NAME = "$(TARGET_NAME)";
				SWIFT_VERSION = 4.2;
				TARGETED_DEVICE_FAMILY = "1,2";
			};
			name = "Release-Development";
		};
		BFE43CC221F8824B00507C86 /* Debug-Development */ = {
			isa = XCBuildConfiguration;
			baseConfigurationReference = F785D55CF7F108B3F7B88B77 /* Pods-EnterpriseProjectSampleTests.debug-development.xcconfig */;
			buildSettings = {
				ALWAYS_EMBED_SWIFT_STANDARD_LIBRARIES = YES;
				BUNDLE_LOADER = "$(TEST_HOST)";
				CODE_SIGN_STYLE = Automatic;
				DEVELOPMENT_TEAM = KC8N9BMQJY;
				INFOPLIST_FILE = EnterpriseProjectSampleTests/Info.plist;
				LD_RUNPATH_SEARCH_PATHS = (
					"$(inherited)",
					"@executable_path/Frameworks",
					"@loader_path/Frameworks",
				);
				PRODUCT_BUNDLE_IDENTIFIER = net.crazism.EnterpriseProjectSampleTests;
				PRODUCT_NAME = "$(TARGET_NAME)";
				SWIFT_VERSION = 4.2;
				TARGETED_DEVICE_FAMILY = "1,2";
				TEST_HOST = "$(BUILT_PRODUCTS_DIR)/EnterpriseProjectSample.app/EnterpriseProjectSample";
			};
			name = "Debug-Development";
		};
		BFE43CC321F8824B00507C86 /* Release-Development */ = {
			isa = XCBuildConfiguration;
			baseConfigurationReference = F96773C18E9E91B869916787 /* Pods-EnterpriseProjectSampleTests.release-development.xcconfig */;
			buildSettings = {
				ALWAYS_EMBED_SWIFT_STANDARD_LIBRARIES = YES;
				BUNDLE_LOADER = "$(TEST_HOST)";
				CODE_SIGN_STYLE = Automatic;
				DEVELOPMENT_TEAM = KC8N9BMQJY;
				INFOPLIST_FILE = EnterpriseProjectSampleTests/Info.plist;
				LD_RUNPATH_SEARCH_PATHS = (
					"$(inherited)",
					"@executable_path/Frameworks",
					"@loader_path/Frameworks",
				);
				PRODUCT_BUNDLE_IDENTIFIER = net.crazism.EnterpriseProjectSampleTests;
				PRODUCT_NAME = "$(TARGET_NAME)";
				SWIFT_VERSION = 4.2;
				TARGETED_DEVICE_FAMILY = "1,2";
				TEST_HOST = "$(BUILT_PRODUCTS_DIR)/EnterpriseProjectSample.app/EnterpriseProjectSample";
			};
			name = "Release-Development";
		};
		BFE43CC521F8824B00507C86 /* Debug-Development */ = {
			isa = XCBuildConfiguration;
			baseConfigurationReference = F8F29084ADB693EB87C18979 /* Pods-EnterpriseProjectSampleUITests.debug-development.xcconfig */;
			buildSettings = {
				ALWAYS_EMBED_SWIFT_STANDARD_LIBRARIES = YES;
				CODE_SIGN_STYLE = Automatic;
				DEVELOPMENT_TEAM = KC8N9BMQJY;
				INFOPLIST_FILE = EnterpriseProjectSampleUITests/Info.plist;
				LD_RUNPATH_SEARCH_PATHS = (
					"$(inherited)",
					"@executable_path/Frameworks",
					"@loader_path/Frameworks",
				);
				PRODUCT_BUNDLE_IDENTIFIER = net.crazism.EnterpriseProjectSampleUITests;
				PRODUCT_NAME = "$(TARGET_NAME)";
				SWIFT_VERSION = 4.2;
				TARGETED_DEVICE_FAMILY = "1,2";
				TEST_TARGET_NAME = EnterpriseProjectSample;
			};
			name = "Debug-Development";
		};
		BFE43CC621F8824B00507C86 /* Release-Development */ = {
			isa = XCBuildConfiguration;
			baseConfigurationReference = 08E5A5C2B871984DDA9ABFD6 /* Pods-EnterpriseProjectSampleUITests.release-development.xcconfig */;
			buildSettings = {
				ALWAYS_EMBED_SWIFT_STANDARD_LIBRARIES = YES;
				CODE_SIGN_STYLE = Automatic;
				DEVELOPMENT_TEAM = KC8N9BMQJY;
				INFOPLIST_FILE = EnterpriseProjectSampleUITests/Info.plist;
				LD_RUNPATH_SEARCH_PATHS = (
					"$(inherited)",
					"@executable_path/Frameworks",
					"@loader_path/Frameworks",
				);
				PRODUCT_BUNDLE_IDENTIFIER = net.crazism.EnterpriseProjectSampleUITests;
				PRODUCT_NAME = "$(TARGET_NAME)";
				SWIFT_VERSION = 4.2;
				TARGETED_DEVICE_FAMILY = "1,2";
				TEST_TARGET_NAME = EnterpriseProjectSample;
			};
			name = "Release-Development";
		};
		BFE43D4D21FAFC6D00507C86 /* Debug-Production */ = {
			isa = XCBuildConfiguration;
			buildSettings = {
				ALWAYS_SEARCH_USER_PATHS = NO;
				CLANG_ANALYZER_NONNULL = YES;
				CLANG_ANALYZER_NUMBER_OBJECT_CONVERSION = YES_AGGRESSIVE;
				CLANG_CXX_LANGUAGE_STANDARD = "gnu++14";
				CLANG_CXX_LIBRARY = "libc++";
				CLANG_ENABLE_MODULES = YES;
				CLANG_ENABLE_OBJC_ARC = YES;
				CLANG_ENABLE_OBJC_WEAK = YES;
				CLANG_WARN_BLOCK_CAPTURE_AUTORELEASING = YES;
				CLANG_WARN_BOOL_CONVERSION = YES;
				CLANG_WARN_COMMA = YES;
				CLANG_WARN_CONSTANT_CONVERSION = YES;
				CLANG_WARN_DEPRECATED_OBJC_IMPLEMENTATIONS = YES;
				CLANG_WARN_DIRECT_OBJC_ISA_USAGE = YES_ERROR;
				CLANG_WARN_DOCUMENTATION_COMMENTS = YES;
				CLANG_WARN_EMPTY_BODY = YES;
				CLANG_WARN_ENUM_CONVERSION = YES;
				CLANG_WARN_INFINITE_RECURSION = YES;
				CLANG_WARN_INT_CONVERSION = YES;
				CLANG_WARN_NON_LITERAL_NULL_CONVERSION = YES;
				CLANG_WARN_OBJC_IMPLICIT_RETAIN_SELF = YES;
				CLANG_WARN_OBJC_LITERAL_CONVERSION = YES;
				CLANG_WARN_OBJC_ROOT_CLASS = YES_ERROR;
				CLANG_WARN_RANGE_LOOP_ANALYSIS = YES;
				CLANG_WARN_STRICT_PROTOTYPES = YES;
				CLANG_WARN_SUSPICIOUS_MOVE = YES;
				CLANG_WARN_UNGUARDED_AVAILABILITY = YES_AGGRESSIVE;
				CLANG_WARN_UNREACHABLE_CODE = YES;
				CLANG_WARN__DUPLICATE_METHOD_MATCH = YES;
				CODE_SIGN_IDENTITY = "iPhone Developer";
				COPY_PHASE_STRIP = NO;
				DEBUG_INFORMATION_FORMAT = dwarf;
				ENABLE_STRICT_OBJC_MSGSEND = YES;
				ENABLE_TESTABILITY = YES;
				GCC_C_LANGUAGE_STANDARD = gnu11;
				GCC_DYNAMIC_NO_PIC = NO;
				GCC_NO_COMMON_BLOCKS = YES;
				GCC_OPTIMIZATION_LEVEL = 0;
				GCC_PREPROCESSOR_DEFINITIONS = (
					"DEBUG=1",
					"$(inherited)",
				);
				GCC_WARN_64_TO_32_BIT_CONVERSION = YES;
				GCC_WARN_ABOUT_RETURN_TYPE = YES_ERROR;
				GCC_WARN_UNDECLARED_SELECTOR = YES;
				GCC_WARN_UNINITIALIZED_AUTOS = YES_AGGRESSIVE;
				GCC_WARN_UNUSED_FUNCTION = YES;
				GCC_WARN_UNUSED_VARIABLE = YES;
				IPHONEOS_DEPLOYMENT_TARGET = 12.1;
				MTL_ENABLE_DEBUG_INFO = INCLUDE_SOURCE;
				MTL_FAST_MATH = YES;
				ONLY_ACTIVE_ARCH = YES;
				SDKROOT = iphoneos;
				SWIFT_ACTIVE_COMPILATION_CONDITIONS = "DEBUG PRODUCTION";
				SWIFT_OPTIMIZATION_LEVEL = "-Onone";
			};
			name = "Debug-Production";
		};
		BFE43D4E21FAFC6D00507C86 /* Debug-Production */ = {
			isa = XCBuildConfiguration;
			baseConfigurationReference = F317029DE96B88585367C95E /* Pods-EnterpriseProjectSample.debug-production.xcconfig */;
			buildSettings = {
				ASSETCATALOG_COMPILER_APPICON_NAME = AppIcon;
				CODE_SIGN_STYLE = Automatic;
				DEVELOPMENT_TEAM = S7G9J68NLX;
				FRAMEWORK_SEARCH_PATHS = (
					"$(inherited)",
					"$(PROJECT_DIR)/Carthage/Build/iOS",
				);
				INFOPLIST_FILE = EnterpriseProjectSample/Info.plist;
				LD_RUNPATH_SEARCH_PATHS = (
					"$(inherited)",
					"@executable_path/Frameworks",
				);
				PRODUCT_BUNDLE_IDENTIFIER = jp.yumemi.eps;
				PRODUCT_NAME = "$(TARGET_NAME)";
				SWIFT_VERSION = 4.2;
				TARGETED_DEVICE_FAMILY = "1,2";
			};
			name = "Debug-Production";
		};
		BFE43D4F21FAFC6D00507C86 /* Debug-Production */ = {
			isa = XCBuildConfiguration;
			baseConfigurationReference = 72124ED434BAAED8440EC232 /* Pods-EnterpriseProjectSampleTests.debug-production.xcconfig */;
			buildSettings = {
				ALWAYS_EMBED_SWIFT_STANDARD_LIBRARIES = YES;
				BUNDLE_LOADER = "$(TEST_HOST)";
				CODE_SIGN_STYLE = Automatic;
				DEVELOPMENT_TEAM = KC8N9BMQJY;
				INFOPLIST_FILE = EnterpriseProjectSampleTests/Info.plist;
				LD_RUNPATH_SEARCH_PATHS = (
					"$(inherited)",
					"@executable_path/Frameworks",
					"@loader_path/Frameworks",
				);
				PRODUCT_BUNDLE_IDENTIFIER = net.crazism.EnterpriseProjectSampleTests;
				PRODUCT_NAME = "$(TARGET_NAME)";
				SWIFT_VERSION = 4.2;
				TARGETED_DEVICE_FAMILY = "1,2";
				TEST_HOST = "$(BUILT_PRODUCTS_DIR)/EnterpriseProjectSample.app/EnterpriseProjectSample";
			};
			name = "Debug-Production";
		};
		BFE43D5021FAFC6D00507C86 /* Debug-Production */ = {
			isa = XCBuildConfiguration;
			baseConfigurationReference = FDD21EB14977B8356CC96315 /* Pods-EnterpriseProjectSampleUITests.debug-production.xcconfig */;
			buildSettings = {
				ALWAYS_EMBED_SWIFT_STANDARD_LIBRARIES = YES;
				CODE_SIGN_STYLE = Automatic;
				DEVELOPMENT_TEAM = KC8N9BMQJY;
				INFOPLIST_FILE = EnterpriseProjectSampleUITests/Info.plist;
				LD_RUNPATH_SEARCH_PATHS = (
					"$(inherited)",
					"@executable_path/Frameworks",
					"@loader_path/Frameworks",
				);
				PRODUCT_BUNDLE_IDENTIFIER = net.crazism.EnterpriseProjectSampleUITests;
				PRODUCT_NAME = "$(TARGET_NAME)";
				SWIFT_VERSION = 4.2;
				TARGETED_DEVICE_FAMILY = "1,2";
				TEST_TARGET_NAME = EnterpriseProjectSample;
			};
			name = "Debug-Production";
		};
		BFE43D5121FAFC7700507C86 /* Debug-Staging */ = {
			isa = XCBuildConfiguration;
			buildSettings = {
				ALWAYS_SEARCH_USER_PATHS = NO;
				CLANG_ANALYZER_NONNULL = YES;
				CLANG_ANALYZER_NUMBER_OBJECT_CONVERSION = YES_AGGRESSIVE;
				CLANG_CXX_LANGUAGE_STANDARD = "gnu++14";
				CLANG_CXX_LIBRARY = "libc++";
				CLANG_ENABLE_MODULES = YES;
				CLANG_ENABLE_OBJC_ARC = YES;
				CLANG_ENABLE_OBJC_WEAK = YES;
				CLANG_WARN_BLOCK_CAPTURE_AUTORELEASING = YES;
				CLANG_WARN_BOOL_CONVERSION = YES;
				CLANG_WARN_COMMA = YES;
				CLANG_WARN_CONSTANT_CONVERSION = YES;
				CLANG_WARN_DEPRECATED_OBJC_IMPLEMENTATIONS = YES;
				CLANG_WARN_DIRECT_OBJC_ISA_USAGE = YES_ERROR;
				CLANG_WARN_DOCUMENTATION_COMMENTS = YES;
				CLANG_WARN_EMPTY_BODY = YES;
				CLANG_WARN_ENUM_CONVERSION = YES;
				CLANG_WARN_INFINITE_RECURSION = YES;
				CLANG_WARN_INT_CONVERSION = YES;
				CLANG_WARN_NON_LITERAL_NULL_CONVERSION = YES;
				CLANG_WARN_OBJC_IMPLICIT_RETAIN_SELF = YES;
				CLANG_WARN_OBJC_LITERAL_CONVERSION = YES;
				CLANG_WARN_OBJC_ROOT_CLASS = YES_ERROR;
				CLANG_WARN_RANGE_LOOP_ANALYSIS = YES;
				CLANG_WARN_STRICT_PROTOTYPES = YES;
				CLANG_WARN_SUSPICIOUS_MOVE = YES;
				CLANG_WARN_UNGUARDED_AVAILABILITY = YES_AGGRESSIVE;
				CLANG_WARN_UNREACHABLE_CODE = YES;
				CLANG_WARN__DUPLICATE_METHOD_MATCH = YES;
				CODE_SIGN_IDENTITY = "iPhone Developer";
				COPY_PHASE_STRIP = NO;
				DEBUG_INFORMATION_FORMAT = dwarf;
				ENABLE_STRICT_OBJC_MSGSEND = YES;
				ENABLE_TESTABILITY = YES;
				GCC_C_LANGUAGE_STANDARD = gnu11;
				GCC_DYNAMIC_NO_PIC = NO;
				GCC_NO_COMMON_BLOCKS = YES;
				GCC_OPTIMIZATION_LEVEL = 0;
				GCC_PREPROCESSOR_DEFINITIONS = (
					"DEBUG=1",
					"$(inherited)",
				);
				GCC_WARN_64_TO_32_BIT_CONVERSION = YES;
				GCC_WARN_ABOUT_RETURN_TYPE = YES_ERROR;
				GCC_WARN_UNDECLARED_SELECTOR = YES;
				GCC_WARN_UNINITIALIZED_AUTOS = YES_AGGRESSIVE;
				GCC_WARN_UNUSED_FUNCTION = YES;
				GCC_WARN_UNUSED_VARIABLE = YES;
				IPHONEOS_DEPLOYMENT_TARGET = 12.1;
				MTL_ENABLE_DEBUG_INFO = INCLUDE_SOURCE;
				MTL_FAST_MATH = YES;
				ONLY_ACTIVE_ARCH = YES;
				SDKROOT = iphoneos;
				SWIFT_ACTIVE_COMPILATION_CONDITIONS = "DEBUG STAGING";
				SWIFT_OPTIMIZATION_LEVEL = "-Onone";
			};
			name = "Debug-Staging";
		};
		BFE43D5221FAFC7700507C86 /* Debug-Staging */ = {
			isa = XCBuildConfiguration;
			baseConfigurationReference = E8F0B649B5132CFAD03C7EAE /* Pods-EnterpriseProjectSample.debug-staging.xcconfig */;
			buildSettings = {
				ASSETCATALOG_COMPILER_APPICON_NAME = AppIcon;
				CODE_SIGN_STYLE = Automatic;
				DEVELOPMENT_TEAM = S7G9J68NLX;
				FRAMEWORK_SEARCH_PATHS = (
					"$(inherited)",
					"$(PROJECT_DIR)/Carthage/Build/iOS",
				);
				INFOPLIST_FILE = EnterpriseProjectSample/Info.plist;
				LD_RUNPATH_SEARCH_PATHS = (
					"$(inherited)",
					"@executable_path/Frameworks",
				);
				PRODUCT_BUNDLE_IDENTIFIER = jp.yumemi.eps.stg;
				PRODUCT_NAME = "$(TARGET_NAME)";
				SWIFT_VERSION = 4.2;
				TARGETED_DEVICE_FAMILY = "1,2";
			};
			name = "Debug-Staging";
		};
		BFE43D5321FAFC7700507C86 /* Debug-Staging */ = {
			isa = XCBuildConfiguration;
			baseConfigurationReference = 55802607BF86305DA2CF50B8 /* Pods-EnterpriseProjectSampleTests.debug-staging.xcconfig */;
			buildSettings = {
				ALWAYS_EMBED_SWIFT_STANDARD_LIBRARIES = YES;
				BUNDLE_LOADER = "$(TEST_HOST)";
				CODE_SIGN_STYLE = Automatic;
				DEVELOPMENT_TEAM = KC8N9BMQJY;
				INFOPLIST_FILE = EnterpriseProjectSampleTests/Info.plist;
				LD_RUNPATH_SEARCH_PATHS = (
					"$(inherited)",
					"@executable_path/Frameworks",
					"@loader_path/Frameworks",
				);
				PRODUCT_BUNDLE_IDENTIFIER = net.crazism.EnterpriseProjectSampleTests;
				PRODUCT_NAME = "$(TARGET_NAME)";
				SWIFT_VERSION = 4.2;
				TARGETED_DEVICE_FAMILY = "1,2";
				TEST_HOST = "$(BUILT_PRODUCTS_DIR)/EnterpriseProjectSample.app/EnterpriseProjectSample";
			};
			name = "Debug-Staging";
		};
		BFE43D5421FAFC7700507C86 /* Debug-Staging */ = {
			isa = XCBuildConfiguration;
			baseConfigurationReference = 693C596E00861850FBFD2078 /* Pods-EnterpriseProjectSampleUITests.debug-staging.xcconfig */;
			buildSettings = {
				ALWAYS_EMBED_SWIFT_STANDARD_LIBRARIES = YES;
				CODE_SIGN_STYLE = Automatic;
				DEVELOPMENT_TEAM = KC8N9BMQJY;
				INFOPLIST_FILE = EnterpriseProjectSampleUITests/Info.plist;
				LD_RUNPATH_SEARCH_PATHS = (
					"$(inherited)",
					"@executable_path/Frameworks",
					"@loader_path/Frameworks",
				);
				PRODUCT_BUNDLE_IDENTIFIER = net.crazism.EnterpriseProjectSampleUITests;
				PRODUCT_NAME = "$(TARGET_NAME)";
				SWIFT_VERSION = 4.2;
				TARGETED_DEVICE_FAMILY = "1,2";
				TEST_TARGET_NAME = EnterpriseProjectSample;
			};
			name = "Debug-Staging";
		};
		BFE43D5521FAFCB400507C86 /* Release-Production */ = {
			isa = XCBuildConfiguration;
			buildSettings = {
				ALWAYS_SEARCH_USER_PATHS = NO;
				CLANG_ANALYZER_NONNULL = YES;
				CLANG_ANALYZER_NUMBER_OBJECT_CONVERSION = YES_AGGRESSIVE;
				CLANG_CXX_LANGUAGE_STANDARD = "gnu++14";
				CLANG_CXX_LIBRARY = "libc++";
				CLANG_ENABLE_MODULES = YES;
				CLANG_ENABLE_OBJC_ARC = YES;
				CLANG_ENABLE_OBJC_WEAK = YES;
				CLANG_WARN_BLOCK_CAPTURE_AUTORELEASING = YES;
				CLANG_WARN_BOOL_CONVERSION = YES;
				CLANG_WARN_COMMA = YES;
				CLANG_WARN_CONSTANT_CONVERSION = YES;
				CLANG_WARN_DEPRECATED_OBJC_IMPLEMENTATIONS = YES;
				CLANG_WARN_DIRECT_OBJC_ISA_USAGE = YES_ERROR;
				CLANG_WARN_DOCUMENTATION_COMMENTS = YES;
				CLANG_WARN_EMPTY_BODY = YES;
				CLANG_WARN_ENUM_CONVERSION = YES;
				CLANG_WARN_INFINITE_RECURSION = YES;
				CLANG_WARN_INT_CONVERSION = YES;
				CLANG_WARN_NON_LITERAL_NULL_CONVERSION = YES;
				CLANG_WARN_OBJC_IMPLICIT_RETAIN_SELF = YES;
				CLANG_WARN_OBJC_LITERAL_CONVERSION = YES;
				CLANG_WARN_OBJC_ROOT_CLASS = YES_ERROR;
				CLANG_WARN_RANGE_LOOP_ANALYSIS = YES;
				CLANG_WARN_STRICT_PROTOTYPES = YES;
				CLANG_WARN_SUSPICIOUS_MOVE = YES;
				CLANG_WARN_UNGUARDED_AVAILABILITY = YES_AGGRESSIVE;
				CLANG_WARN_UNREACHABLE_CODE = YES;
				CLANG_WARN__DUPLICATE_METHOD_MATCH = YES;
				CODE_SIGN_IDENTITY = "iPhone Developer";
				COPY_PHASE_STRIP = NO;
				DEBUG_INFORMATION_FORMAT = "dwarf-with-dsym";
				ENABLE_NS_ASSERTIONS = NO;
				ENABLE_STRICT_OBJC_MSGSEND = YES;
				GCC_C_LANGUAGE_STANDARD = gnu11;
				GCC_NO_COMMON_BLOCKS = YES;
				GCC_WARN_64_TO_32_BIT_CONVERSION = YES;
				GCC_WARN_ABOUT_RETURN_TYPE = YES_ERROR;
				GCC_WARN_UNDECLARED_SELECTOR = YES;
				GCC_WARN_UNINITIALIZED_AUTOS = YES_AGGRESSIVE;
				GCC_WARN_UNUSED_FUNCTION = YES;
				GCC_WARN_UNUSED_VARIABLE = YES;
				IPHONEOS_DEPLOYMENT_TARGET = 12.1;
				MTL_ENABLE_DEBUG_INFO = NO;
				MTL_FAST_MATH = YES;
				SDKROOT = iphoneos;
				SWIFT_ACTIVE_COMPILATION_CONDITIONS = PRODUCTION;
				SWIFT_COMPILATION_MODE = wholemodule;
				SWIFT_OPTIMIZATION_LEVEL = "-O";
				VALIDATE_PRODUCT = YES;
			};
			name = "Release-Production";
		};
		BFE43D5621FAFCB400507C86 /* Release-Production */ = {
			isa = XCBuildConfiguration;
			baseConfigurationReference = 9CF49F0CE9F9269D1EAEA46B /* Pods-EnterpriseProjectSample.release-production.xcconfig */;
			buildSettings = {
				ASSETCATALOG_COMPILER_APPICON_NAME = AppIcon;
				CODE_SIGN_STYLE = Automatic;
				DEVELOPMENT_TEAM = S7G9J68NLX;
				FRAMEWORK_SEARCH_PATHS = (
					"$(inherited)",
					"$(PROJECT_DIR)/Carthage/Build/iOS",
				);
				INFOPLIST_FILE = EnterpriseProjectSample/Info.plist;
				LD_RUNPATH_SEARCH_PATHS = (
					"$(inherited)",
					"@executable_path/Frameworks",
				);
				PRODUCT_BUNDLE_IDENTIFIER = jp.yumemi.eps;
				PRODUCT_NAME = "$(TARGET_NAME)";
				SWIFT_VERSION = 4.2;
				TARGETED_DEVICE_FAMILY = "1,2";
			};
			name = "Release-Production";
		};
		BFE43D5721FAFCB400507C86 /* Release-Production */ = {
			isa = XCBuildConfiguration;
			baseConfigurationReference = 2C3B3EBC61AFB5B6F50E09ED /* Pods-EnterpriseProjectSampleTests.release-production.xcconfig */;
			buildSettings = {
				ALWAYS_EMBED_SWIFT_STANDARD_LIBRARIES = YES;
				BUNDLE_LOADER = "$(TEST_HOST)";
				CODE_SIGN_STYLE = Automatic;
				DEVELOPMENT_TEAM = KC8N9BMQJY;
				INFOPLIST_FILE = EnterpriseProjectSampleTests/Info.plist;
				LD_RUNPATH_SEARCH_PATHS = (
					"$(inherited)",
					"@executable_path/Frameworks",
					"@loader_path/Frameworks",
				);
				PRODUCT_BUNDLE_IDENTIFIER = net.crazism.EnterpriseProjectSampleTests;
				PRODUCT_NAME = "$(TARGET_NAME)";
				SWIFT_VERSION = 4.2;
				TARGETED_DEVICE_FAMILY = "1,2";
				TEST_HOST = "$(BUILT_PRODUCTS_DIR)/EnterpriseProjectSample.app/EnterpriseProjectSample";
			};
			name = "Release-Production";
		};
		BFE43D5821FAFCB400507C86 /* Release-Production */ = {
			isa = XCBuildConfiguration;
			baseConfigurationReference = C3828DCEB4EDF543CD65CD21 /* Pods-EnterpriseProjectSampleUITests.release-production.xcconfig */;
			buildSettings = {
				ALWAYS_EMBED_SWIFT_STANDARD_LIBRARIES = YES;
				CODE_SIGN_STYLE = Automatic;
				DEVELOPMENT_TEAM = KC8N9BMQJY;
				INFOPLIST_FILE = EnterpriseProjectSampleUITests/Info.plist;
				LD_RUNPATH_SEARCH_PATHS = (
					"$(inherited)",
					"@executable_path/Frameworks",
					"@loader_path/Frameworks",
				);
				PRODUCT_BUNDLE_IDENTIFIER = net.crazism.EnterpriseProjectSampleUITests;
				PRODUCT_NAME = "$(TARGET_NAME)";
				SWIFT_VERSION = 4.2;
				TARGETED_DEVICE_FAMILY = "1,2";
				TEST_TARGET_NAME = EnterpriseProjectSample;
			};
			name = "Release-Production";
		};
		BFE43D5921FAFCBD00507C86 /* Release-Staging */ = {
			isa = XCBuildConfiguration;
			buildSettings = {
				ALWAYS_SEARCH_USER_PATHS = NO;
				CLANG_ANALYZER_NONNULL = YES;
				CLANG_ANALYZER_NUMBER_OBJECT_CONVERSION = YES_AGGRESSIVE;
				CLANG_CXX_LANGUAGE_STANDARD = "gnu++14";
				CLANG_CXX_LIBRARY = "libc++";
				CLANG_ENABLE_MODULES = YES;
				CLANG_ENABLE_OBJC_ARC = YES;
				CLANG_ENABLE_OBJC_WEAK = YES;
				CLANG_WARN_BLOCK_CAPTURE_AUTORELEASING = YES;
				CLANG_WARN_BOOL_CONVERSION = YES;
				CLANG_WARN_COMMA = YES;
				CLANG_WARN_CONSTANT_CONVERSION = YES;
				CLANG_WARN_DEPRECATED_OBJC_IMPLEMENTATIONS = YES;
				CLANG_WARN_DIRECT_OBJC_ISA_USAGE = YES_ERROR;
				CLANG_WARN_DOCUMENTATION_COMMENTS = YES;
				CLANG_WARN_EMPTY_BODY = YES;
				CLANG_WARN_ENUM_CONVERSION = YES;
				CLANG_WARN_INFINITE_RECURSION = YES;
				CLANG_WARN_INT_CONVERSION = YES;
				CLANG_WARN_NON_LITERAL_NULL_CONVERSION = YES;
				CLANG_WARN_OBJC_IMPLICIT_RETAIN_SELF = YES;
				CLANG_WARN_OBJC_LITERAL_CONVERSION = YES;
				CLANG_WARN_OBJC_ROOT_CLASS = YES_ERROR;
				CLANG_WARN_RANGE_LOOP_ANALYSIS = YES;
				CLANG_WARN_STRICT_PROTOTYPES = YES;
				CLANG_WARN_SUSPICIOUS_MOVE = YES;
				CLANG_WARN_UNGUARDED_AVAILABILITY = YES_AGGRESSIVE;
				CLANG_WARN_UNREACHABLE_CODE = YES;
				CLANG_WARN__DUPLICATE_METHOD_MATCH = YES;
				CODE_SIGN_IDENTITY = "iPhone Developer";
				COPY_PHASE_STRIP = NO;
				DEBUG_INFORMATION_FORMAT = "dwarf-with-dsym";
				ENABLE_NS_ASSERTIONS = NO;
				ENABLE_STRICT_OBJC_MSGSEND = YES;
				GCC_C_LANGUAGE_STANDARD = gnu11;
				GCC_NO_COMMON_BLOCKS = YES;
				GCC_WARN_64_TO_32_BIT_CONVERSION = YES;
				GCC_WARN_ABOUT_RETURN_TYPE = YES_ERROR;
				GCC_WARN_UNDECLARED_SELECTOR = YES;
				GCC_WARN_UNINITIALIZED_AUTOS = YES_AGGRESSIVE;
				GCC_WARN_UNUSED_FUNCTION = YES;
				GCC_WARN_UNUSED_VARIABLE = YES;
				IPHONEOS_DEPLOYMENT_TARGET = 12.1;
				MTL_ENABLE_DEBUG_INFO = NO;
				MTL_FAST_MATH = YES;
				SDKROOT = iphoneos;
				SWIFT_ACTIVE_COMPILATION_CONDITIONS = STAGING;
				SWIFT_COMPILATION_MODE = wholemodule;
				SWIFT_OPTIMIZATION_LEVEL = "-O";
				VALIDATE_PRODUCT = YES;
			};
			name = "Release-Staging";
		};
		BFE43D5A21FAFCBD00507C86 /* Release-Staging */ = {
			isa = XCBuildConfiguration;
			baseConfigurationReference = DCE0B499A1F5CEDA267F1CEA /* Pods-EnterpriseProjectSample.release-staging.xcconfig */;
			buildSettings = {
				ASSETCATALOG_COMPILER_APPICON_NAME = AppIcon;
				CODE_SIGN_STYLE = Automatic;
				DEVELOPMENT_TEAM = S7G9J68NLX;
				FRAMEWORK_SEARCH_PATHS = (
					"$(inherited)",
					"$(PROJECT_DIR)/Carthage/Build/iOS",
				);
				INFOPLIST_FILE = EnterpriseProjectSample/Info.plist;
				LD_RUNPATH_SEARCH_PATHS = (
					"$(inherited)",
					"@executable_path/Frameworks",
				);
				PRODUCT_BUNDLE_IDENTIFIER = jp.yumemi.eps.stg;
				PRODUCT_NAME = "$(TARGET_NAME)";
				SWIFT_VERSION = 4.2;
				TARGETED_DEVICE_FAMILY = "1,2";
			};
			name = "Release-Staging";
		};
		BFE43D5B21FAFCBD00507C86 /* Release-Staging */ = {
			isa = XCBuildConfiguration;
			baseConfigurationReference = 4BF0428139AAD38B9C4665BF /* Pods-EnterpriseProjectSampleTests.release-staging.xcconfig */;
			buildSettings = {
				ALWAYS_EMBED_SWIFT_STANDARD_LIBRARIES = YES;
				BUNDLE_LOADER = "$(TEST_HOST)";
				CODE_SIGN_STYLE = Automatic;
				DEVELOPMENT_TEAM = KC8N9BMQJY;
				INFOPLIST_FILE = EnterpriseProjectSampleTests/Info.plist;
				LD_RUNPATH_SEARCH_PATHS = (
					"$(inherited)",
					"@executable_path/Frameworks",
					"@loader_path/Frameworks",
				);
				PRODUCT_BUNDLE_IDENTIFIER = net.crazism.EnterpriseProjectSampleTests;
				PRODUCT_NAME = "$(TARGET_NAME)";
				SWIFT_VERSION = 4.2;
				TARGETED_DEVICE_FAMILY = "1,2";
				TEST_HOST = "$(BUILT_PRODUCTS_DIR)/EnterpriseProjectSample.app/EnterpriseProjectSample";
			};
			name = "Release-Staging";
		};
		BFE43D5C21FAFCBD00507C86 /* Release-Staging */ = {
			isa = XCBuildConfiguration;
			baseConfigurationReference = B6436B51622855BD82B14BC7 /* Pods-EnterpriseProjectSampleUITests.release-staging.xcconfig */;
			buildSettings = {
				ALWAYS_EMBED_SWIFT_STANDARD_LIBRARIES = YES;
				CODE_SIGN_STYLE = Automatic;
				DEVELOPMENT_TEAM = KC8N9BMQJY;
				INFOPLIST_FILE = EnterpriseProjectSampleUITests/Info.plist;
				LD_RUNPATH_SEARCH_PATHS = (
					"$(inherited)",
					"@executable_path/Frameworks",
					"@loader_path/Frameworks",
				);
				PRODUCT_BUNDLE_IDENTIFIER = net.crazism.EnterpriseProjectSampleUITests;
				PRODUCT_NAME = "$(TARGET_NAME)";
				SWIFT_VERSION = 4.2;
				TARGETED_DEVICE_FAMILY = "1,2";
				TEST_TARGET_NAME = EnterpriseProjectSample;
			};
			name = "Release-Staging";
		};
/* End XCBuildConfiguration section */

/* Begin XCConfigurationList section */
		BFE43C9121F8824300507C86 /* Build configuration list for PBXProject "EnterpriseProjectSample" */ = {
			isa = XCConfigurationList;
			buildConfigurations = (
				BFE43CBC21F8824B00507C86 /* Debug-Development */,
				BFE43D5121FAFC7700507C86 /* Debug-Staging */,
				BFE43D4D21FAFC6D00507C86 /* Debug-Production */,
				BFE43CBD21F8824B00507C86 /* Release-Development */,
				BFE43D5921FAFCBD00507C86 /* Release-Staging */,
				BFE43D5521FAFCB400507C86 /* Release-Production */,
			);
			defaultConfigurationIsVisible = 0;
			defaultConfigurationName = "Release-Production";
		};
		BFE43CBE21F8824B00507C86 /* Build configuration list for PBXNativeTarget "EnterpriseProjectSample" */ = {
			isa = XCConfigurationList;
			buildConfigurations = (
				BFE43CBF21F8824B00507C86 /* Debug-Development */,
				BFE43D5221FAFC7700507C86 /* Debug-Staging */,
				BFE43D4E21FAFC6D00507C86 /* Debug-Production */,
				BFE43CC021F8824B00507C86 /* Release-Development */,
				BFE43D5A21FAFCBD00507C86 /* Release-Staging */,
				BFE43D5621FAFCB400507C86 /* Release-Production */,
			);
			defaultConfigurationIsVisible = 0;
			defaultConfigurationName = "Release-Production";
		};
		BFE43CC121F8824B00507C86 /* Build configuration list for PBXNativeTarget "EnterpriseProjectSampleTests" */ = {
			isa = XCConfigurationList;
			buildConfigurations = (
				BFE43CC221F8824B00507C86 /* Debug-Development */,
				BFE43D5321FAFC7700507C86 /* Debug-Staging */,
				BFE43D4F21FAFC6D00507C86 /* Debug-Production */,
				BFE43CC321F8824B00507C86 /* Release-Development */,
				BFE43D5B21FAFCBD00507C86 /* Release-Staging */,
				BFE43D5721FAFCB400507C86 /* Release-Production */,
			);
			defaultConfigurationIsVisible = 0;
			defaultConfigurationName = "Release-Production";
		};
		BFE43CC421F8824B00507C86 /* Build configuration list for PBXNativeTarget "EnterpriseProjectSampleUITests" */ = {
			isa = XCConfigurationList;
			buildConfigurations = (
				BFE43CC521F8824B00507C86 /* Debug-Development */,
				BFE43D5421FAFC7700507C86 /* Debug-Staging */,
				BFE43D5021FAFC6D00507C86 /* Debug-Production */,
				BFE43CC621F8824B00507C86 /* Release-Development */,
				BFE43D5C21FAFCBD00507C86 /* Release-Staging */,
				BFE43D5821FAFCB400507C86 /* Release-Production */,
			);
			defaultConfigurationIsVisible = 0;
			defaultConfigurationName = "Release-Production";
		};
/* End XCConfigurationList section */
	};
	rootObject = BFE43C8E21F8824300507C86 /* Project object */;
}
